// !$*UTF8*$!
{
	archiveVersion = 1;
	classes = {
	};
	objectVersion = 55;
	objects = {

/* Begin PBXBuildFile section */
		771D0BF32809314D00C32828 /* ViewController.swift in Sources */ = {isa = PBXBuildFile; fileRef = 771D0BF22809314D00C32828 /* ViewController.swift */; };
		7744CE50280CE5360079CBCD /* Model.xcdatamodeld in Sources */ = {isa = PBXBuildFile; fileRef = 7744CE4E280CE5360079CBCD /* Model.xcdatamodeld */; };
		7744CE53280D08B70079CBCD /* TodoList+CoreDataClass.swift in Sources */ = {isa = PBXBuildFile; fileRef = 7744CE51280D08B70079CBCD /* TodoList+CoreDataClass.swift */; };
		7744CE54280D08B70079CBCD /* TodoList+CoreDataProperties.swift in Sources */ = {isa = PBXBuildFile; fileRef = 7744CE52280D08B70079CBCD /* TodoList+CoreDataProperties.swift */; };
		7766B1DA280ED66E00066B01 /* ComposeViewController.swift in Sources */ = {isa = PBXBuildFile; fileRef = 7766B1D9280ED66E00066B01 /* ComposeViewController.swift */; };
		77F87A2C2808F93B004791D2 /* AppDelegate.swift in Sources */ = {isa = PBXBuildFile; fileRef = 77F87A2B2808F93B004791D2 /* AppDelegate.swift */; };
		77F87A2E2808F93B004791D2 /* SceneDelegate.swift in Sources */ = {isa = PBXBuildFile; fileRef = 77F87A2D2808F93B004791D2 /* SceneDelegate.swift */; };
		77F87A332808F93B004791D2 /* Main.storyboard in Resources */ = {isa = PBXBuildFile; fileRef = 77F87A312808F93B004791D2 /* Main.storyboard */; };
		77F87A352808F93C004791D2 /* Assets.xcassets in Resources */ = {isa = PBXBuildFile; fileRef = 77F87A342808F93C004791D2 /* Assets.xcassets */; };
		77F87A382808F93C004791D2 /* LaunchScreen.storyboard in Resources */ = {isa = PBXBuildFile; fileRef = 77F87A362808F93C004791D2 /* LaunchScreen.storyboard */; };
/* End PBXBuildFile section */

/* Begin PBXFileReference section */
		771D0BF22809314D00C32828 /* ViewController.swift */ = {isa = PBXFileReference; lastKnownFileType = sourcecode.swift; path = ViewController.swift; sourceTree = "<group>"; };
		7744CE4F280CE5360079CBCD /* Model.xcdatamodel */ = {isa = PBXFileReference; lastKnownFileType = wrapper.xcdatamodel; path = Model.xcdatamodel; sourceTree = "<group>"; };
		7744CE51280D08B70079CBCD /* TodoList+CoreDataClass.swift */ = {isa = PBXFileReference; lastKnownFileType = sourcecode.swift; path = "TodoList+CoreDataClass.swift"; sourceTree = "<group>"; };
		7744CE52280D08B70079CBCD /* TodoList+CoreDataProperties.swift */ = {isa = PBXFileReference; lastKnownFileType = sourcecode.swift; path = "TodoList+CoreDataProperties.swift"; sourceTree = "<group>"; };
		7766B1D9280ED66E00066B01 /* ComposeViewController.swift */ = {isa = PBXFileReference; lastKnownFileType = sourcecode.swift; path = ComposeViewController.swift; sourceTree = "<group>"; };
		77F87A282808F93B004791D2 /* Learn_Swift.app */ = {isa = PBXFileReference; explicitFileType = wrapper.application; includeInIndex = 0; path = Learn_Swift.app; sourceTree = BUILT_PRODUCTS_DIR; };
		77F87A2B2808F93B004791D2 /* AppDelegate.swift */ = {isa = PBXFileReference; lastKnownFileType = sourcecode.swift; path = AppDelegate.swift; sourceTree = "<group>"; };
		77F87A2D2808F93B004791D2 /* SceneDelegate.swift */ = {isa = PBXFileReference; lastKnownFileType = sourcecode.swift; path = SceneDelegate.swift; sourceTree = "<group>"; };
		77F87A322808F93B004791D2 /* Base */ = {isa = PBXFileReference; lastKnownFileType = file.storyboard; name = Base; path = Base.lproj/Main.storyboard; sourceTree = "<group>"; };
		77F87A342808F93C004791D2 /* Assets.xcassets */ = {isa = PBXFileReference; lastKnownFileType = folder.assetcatalog; path = Assets.xcassets; sourceTree = "<group>"; };
		77F87A372808F93C004791D2 /* Base */ = {isa = PBXFileReference; lastKnownFileType = file.storyboard; name = Base; path = Base.lproj/LaunchScreen.storyboard; sourceTree = "<group>"; };
		77F87A392808F93C004791D2 /* Info.plist */ = {isa = PBXFileReference; lastKnownFileType = text.plist.xml; path = Info.plist; sourceTree = "<group>"; };
/* End PBXFileReference section */

/* Begin PBXFrameworksBuildPhase section */
		77F87A252808F93B004791D2 /* Frameworks */ = {
			isa = PBXFrameworksBuildPhase;
			buildActionMask = 2147483647;
			files = (
			);
			runOnlyForDeploymentPostprocessing = 0;
		};
/* End PBXFrameworksBuildPhase section */

/* Begin PBXGroup section */
		77F87A1F2808F93B004791D2 = {
			isa = PBXGroup;
			children = (
				7744CE51280D08B70079CBCD /* TodoList+CoreDataClass.swift */,
				7744CE52280D08B70079CBCD /* TodoList+CoreDataProperties.swift */,
				77F87A2A2808F93B004791D2 /* Learn_Swift */,
				77F87A292808F93B004791D2 /* Products */,
			);
			sourceTree = "<group>";
		};
		77F87A292808F93B004791D2 /* Products */ = {
			isa = PBXGroup;
			children = (
				77F87A282808F93B004791D2 /* Learn_Swift.app */,
			);
			name = Products;
			sourceTree = "<group>";
		};
		77F87A2A2808F93B004791D2 /* Learn_Swift */ = {
			isa = PBXGroup;
			children = (
				77F87A2B2808F93B004791D2 /* AppDelegate.swift */,
				77F87A2D2808F93B004791D2 /* SceneDelegate.swift */,
				771D0BF22809314D00C32828 /* ViewController.swift */,
				77F87A312808F93B004791D2 /* Main.storyboard */,
				77F87A342808F93C004791D2 /* Assets.xcassets */,
				77F87A362808F93C004791D2 /* LaunchScreen.storyboard */,
				77F87A392808F93C004791D2 /* Info.plist */,
				7744CE4E280CE5360079CBCD /* Model.xcdatamodeld */,
				7766B1D9280ED66E00066B01 /* ComposeViewController.swift */,
			);
			path = Learn_Swift;
			sourceTree = "<group>";
		};
/* End PBXGroup section */

/* Begin PBXNativeTarget section */
		77F87A272808F93B004791D2 /* Learn_Swift */ = {
			isa = PBXNativeTarget;
			buildConfigurationList = 77F87A3C2808F93C004791D2 /* Build configuration list for PBXNativeTarget "Learn_Swift" */;
			buildPhases = (
				77F87A242808F93B004791D2 /* Sources */,
				77F87A252808F93B004791D2 /* Frameworks */,
				77F87A262808F93B004791D2 /* Resources */,
			);
			buildRules = (
			);
			dependencies = (
			);
			name = Learn_Swift;
			packageProductDependencies = (
			);
			productName = Learn_Swift;
			productReference = 77F87A282808F93B004791D2 /* Learn_Swift.app */;
			productType = "com.apple.product-type.application";
		};
/* End PBXNativeTarget section */

/* Begin PBXProject section */
		77F87A202808F93B004791D2 /* Project object */ = {
			isa = PBXProject;
			attributes = {
				BuildIndependentTargetsInParallel = 1;
				LastSwiftUpdateCheck = 1330;
				LastUpgradeCheck = 1330;
				TargetAttributes = {
					77F87A272808F93B004791D2 = {
						CreatedOnToolsVersion = 13.3;
					};
				};
			};
			buildConfigurationList = 77F87A232808F93B004791D2 /* Build configuration list for PBXProject "Learn_Swift" */;
			compatibilityVersion = "Xcode 13.0";
			developmentRegion = en;
			hasScannedForEncodings = 0;
			knownRegions = (
				en,
				Base,
			);
			mainGroup = 77F87A1F2808F93B004791D2;
			packageReferences = (
				77F87A3F28090749004791D2 /* XCRemoteSwiftPackageReference "realm-cocoa" */,
			);
			productRefGroup = 77F87A292808F93B004791D2 /* Products */;
			projectDirPath = "";
			projectRoot = "";
			targets = (
				77F87A272808F93B004791D2 /* Learn_Swift */,
			);
		};
/* End PBXProject section */

/* Begin PBXResourcesBuildPhase section */
		77F87A262808F93B004791D2 /* Resources */ = {
			isa = PBXResourcesBuildPhase;
			buildActionMask = 2147483647;
			files = (
				77F87A382808F93C004791D2 /* LaunchScreen.storyboard in Resources */,
				77F87A352808F93C004791D2 /* Assets.xcassets in Resources */,
				77F87A332808F93B004791D2 /* Main.storyboard in Resources */,
			);
			runOnlyForDeploymentPostprocessing = 0;
		};
/* End PBXResourcesBuildPhase section */

/* Begin PBXSourcesBuildPhase section */
		77F87A242808F93B004791D2 /* Sources */ = {
			isa = PBXSourcesBuildPhase;
			buildActionMask = 2147483647;
			files = (
				771D0BF32809314D00C32828 /* ViewController.swift in Sources */,
				77F87A2C2808F93B004791D2 /* AppDelegate.swift in Sources */,
				7744CE53280D08B70079CBCD /* TodoList+CoreDataClass.swift in Sources */,
				77F87A2E2808F93B004791D2 /* SceneDelegate.swift in Sources */,
				7744CE50280CE5360079CBCD /* Model.xcdatamodeld in Sources */,
				7744CE54280D08B70079CBCD /* TodoList+CoreDataProperties.swift in Sources */,
				7766B1DA280ED66E00066B01 /* ComposeViewController.swift in Sources */,
			);
			runOnlyForDeploymentPostprocessing = 0;
		};
/* End PBXSourcesBuildPhase section */

/* Begin PBXVariantGroup section */
		77F87A312808F93B004791D2 /* Main.storyboard */ = {
			isa = PBXVariantGroup;
			children = (
				77F87A322808F93B004791D2 /* Base */,
			);
			name = Main.storyboard;
			sourceTree = "<group>";
		};
		77F87A362808F93C004791D2 /* LaunchScreen.storyboard */ = {
			isa = PBXVariantGroup;
			children = (
				77F87A372808F93C004791D2 /* Base */,
			);
			name = LaunchScreen.storyboard;
			sourceTree = "<group>";
		};
/* End PBXVariantGroup section */

/* Begin XCBuildConfiguration section */
		77F87A3A2808F93C004791D2 /* Debug */ = {
			isa = XCBuildConfiguration;
			buildSettings = {
				ALWAYS_SEARCH_USER_PATHS = NO;
				CLANG_ANALYZER_NONNULL = YES;
				CLANG_ANALYZER_NUMBER_OBJECT_CONVERSION = YES_AGGRESSIVE;
				CLANG_CXX_LANGUAGE_STANDARD = "gnu++17";
				CLANG_ENABLE_MODULES = YES;
				CLANG_ENABLE_OBJC_ARC = YES;
				CLANG_ENABLE_OBJC_WEAK = YES;
				CLANG_WARN_BLOCK_CAPTURE_AUTORELEASING = YES;
				CLANG_WARN_BOOL_CONVERSION = YES;
				CLANG_WARN_COMMA = YES;
				CLANG_WARN_CONSTANT_CONVERSION = YES;
				CLANG_WARN_DEPRECATED_OBJC_IMPLEMENTATIONS = YES;
				CLANG_WARN_DIRECT_OBJC_ISA_USAGE = YES_ERROR;
				CLANG_WARN_DOCUMENTATION_COMMENTS = YES;
				CLANG_WARN_EMPTY_BODY = YES;
				CLANG_WARN_ENUM_CONVERSION = YES;
				CLANG_WARN_INFINITE_RECURSION = YES;
				CLANG_WARN_INT_CONVERSION = YES;
				CLANG_WARN_NON_LITERAL_NULL_CONVERSION = YES;
				CLANG_WARN_OBJC_IMPLICIT_RETAIN_SELF = YES;
				CLANG_WARN_OBJC_LITERAL_CONVERSION = YES;
				CLANG_WARN_OBJC_ROOT_CLASS = YES_ERROR;
				CLANG_WARN_QUOTED_INCLUDE_IN_FRAMEWORK_HEADER = YES;
				CLANG_WARN_RANGE_LOOP_ANALYSIS = YES;
				CLANG_WARN_STRICT_PROTOTYPES = YES;
				CLANG_WARN_SUSPICIOUS_MOVE = YES;
				CLANG_WARN_UNGUARDED_AVAILABILITY = YES_AGGRESSIVE;
				CLANG_WARN_UNREACHABLE_CODE = YES;
				CLANG_WARN__DUPLICATE_METHOD_MATCH = YES;
				COPY_PHASE_STRIP = NO;
				DEBUG_INFORMATION_FORMAT = dwarf;
				ENABLE_STRICT_OBJC_MSGSEND = YES;
				ENABLE_TESTABILITY = YES;
				GCC_C_LANGUAGE_STANDARD = gnu11;
				GCC_DYNAMIC_NO_PIC = NO;
				GCC_NO_COMMON_BLOCKS = YES;
				GCC_OPTIMIZATION_LEVEL = 0;
				GCC_PREPROCESSOR_DEFINITIONS = (
					"DEBUG=1",
					"$(inherited)",
				);
				GCC_WARN_64_TO_32_BIT_CONVERSION = YES;
				GCC_WARN_ABOUT_RETURN_TYPE = YES_ERROR;
				GCC_WARN_UNDECLARED_SELECTOR = YES;
				GCC_WARN_UNINITIALIZED_AUTOS = YES_AGGRESSIVE;
				GCC_WARN_UNUSED_FUNCTION = YES;
				GCC_WARN_UNUSED_VARIABLE = YES;
				IPHONEOS_DEPLOYMENT_TARGET = 15.4;
				MTL_ENABLE_DEBUG_INFO = INCLUDE_SOURCE;
				MTL_FAST_MATH = YES;
				ONLY_ACTIVE_ARCH = YES;
				SDKROOT = iphoneos;
				SWIFT_ACTIVE_COMPILATION_CONDITIONS = DEBUG;
				SWIFT_OPTIMIZATION_LEVEL = "-Onone";
			};
			name = Debug;
		};
		77F87A3B2808F93C004791D2 /* Release */ = {
			isa = XCBuildConfiguration;
			buildSettings = {
				ALWAYS_SEARCH_USER_PATHS = NO;
				CLANG_ANALYZER_NONNULL = YES;
				CLANG_ANALYZER_NUMBER_OBJECT_CONVERSION = YES_AGGRESSIVE;
				CLANG_CXX_LANGUAGE_STANDARD = "gnu++17";
				CLANG_ENABLE_MODULES = YES;
				CLANG_ENABLE_OBJC_ARC = YES;
				CLANG_ENABLE_OBJC_WEAK = YES;
				CLANG_WARN_BLOCK_CAPTURE_AUTORELEASING = YES;
				CLANG_WARN_BOOL_CONVERSION = YES;
				CLANG_WARN_COMMA = YES;
				CLANG_WARN_CONSTANT_CONVERSION = YES;
				CLANG_WARN_DEPRECATED_OBJC_IMPLEMENTATIONS = YES;
				CLANG_WARN_DIRECT_OBJC_ISA_USAGE = YES_ERROR;
				CLANG_WARN_DOCUMENTATION_COMMENTS = YES;
				CLANG_WARN_EMPTY_BODY = YES;
				CLANG_WARN_ENUM_CONVERSION = YES;
				CLANG_WARN_INFINITE_RECURSION = YES;
				CLANG_WARN_INT_CONVERSION = YES;
				CLANG_WARN_NON_LITERAL_NULL_CONVERSION = YES;
				CLANG_WARN_OBJC_IMPLICIT_RETAIN_SELF = YES;
				CLANG_WARN_OBJC_LITERAL_CONVERSION = YES;
				CLANG_WARN_OBJC_ROOT_CLASS = YES_ERROR;
				CLANG_WARN_QUOTED_INCLUDE_IN_FRAMEWORK_HEADER = YES;
				CLANG_WARN_RANGE_LOOP_ANALYSIS = YES;
				CLANG_WARN_STRICT_PROTOTYPES = YES;
				CLANG_WARN_SUSPICIOUS_MOVE = YES;
				CLANG_WARN_UNGUARDED_AVAILABILITY = YES_AGGRESSIVE;
				CLANG_WARN_UNREACHABLE_CODE = YES;
				CLANG_WARN__DUPLICATE_METHOD_MATCH = YES;
				COPY_PHASE_STRIP = NO;
				DEBUG_INFORMATION_FORMAT = "dwarf-with-dsym";
				ENABLE_NS_ASSERTIONS = NO;
				ENABLE_STRICT_OBJC_MSGSEND = YES;
				GCC_C_LANGUAGE_STANDARD = gnu11;
				GCC_NO_COMMON_BLOCKS = YES;
				GCC_WARN_64_TO_32_BIT_CONVERSION = YES;
				GCC_WARN_ABOUT_RETURN_TYPE = YES_ERROR;
				GCC_WARN_UNDECLARED_SELECTOR = YES;
				GCC_WARN_UNINITIALIZED_AUTOS = YES_AGGRESSIVE;
				GCC_WARN_UNUSED_FUNCTION = YES;
				GCC_WARN_UNUSED_VARIABLE = YES;
				IPHONEOS_DEPLOYMENT_TARGET = 15.4;
				MTL_ENABLE_DEBUG_INFO = NO;
				MTL_FAST_MATH = YES;
				SDKROOT = iphoneos;
				SWIFT_COMPILATION_MODE = wholemodule;
				SWIFT_OPTIMIZATION_LEVEL = "-O";
				VALIDATE_PRODUCT = YES;
			};
			name = Release;
		};
		77F87A3D2808F93C004791D2 /* Debug */ = {
			isa = XCBuildConfiguration;
			buildSettings = {
				ASSETCATALOG_COMPILER_APPICON_NAME = AppIcon;
				ASSETCATALOG_COMPILER_GLOBAL_ACCENT_COLOR_NAME = AccentColor;
				CODE_SIGN_STYLE = Automatic;
				CURRENT_PROJECT_VERSION = 1;
				GENERATE_INFOPLIST_FILE = YES;
				INFOPLIST_FILE = Learn_Swift/Info.plist;
				INFOPLIST_KEY_UIApplicationSupportsIndirectInputEvents = YES;
				INFOPLIST_KEY_UILaunchStoryboardName = LaunchScreen;
				INFOPLIST_KEY_UIMainStoryboardFile = Main;
				INFOPLIST_KEY_UISupportedInterfaceOrientations_iPad = "UIInterfaceOrientationPortrait UIInterfaceOrientationPortraitUpsideDown UIInterfaceOrientationLandscapeLeft UIInterfaceOrientationLandscapeRight";
				INFOPLIST_KEY_UISupportedInterfaceOrientations_iPhone = "UIInterfaceOrientationPortrait UIInterfaceOrientationLandscapeLeft UIInterfaceOrientationLandscapeRight";
				LD_RUNPATH_SEARCH_PATHS = (
					"$(inherited)",
					"@executable_path/Frameworks",
				);
				MARKETING_VERSION = 1.0;
				PRODUCT_BUNDLE_IDENTIFIER = "Minjae.Learn-Swift";
				PRODUCT_NAME = "$(TARGET_NAME)";
				SWIFT_EMIT_LOC_STRINGS = YES;
				SWIFT_VERSION = 5.0;
				TARGETED_DEVICE_FAMILY = "1,2";
			};
			name = Debug;
		};
		77F87A3E2808F93C004791D2 /* Release */ = {
			isa = XCBuildConfiguration;
			buildSettings = {
				ASSETCATALOG_COMPILER_APPICON_NAME = AppIcon;
				ASSETCATALOG_COMPILER_GLOBAL_ACCENT_COLOR_NAME = AccentColor;
				CODE_SIGN_STYLE = Automatic;
				CURRENT_PROJECT_VERSION = 1;
				GENERATE_INFOPLIST_FILE = YES;
				INFOPLIST_FILE = Learn_Swift/Info.plist;
				INFOPLIST_KEY_UIApplicationSupportsIndirectInputEvents = YES;
				INFOPLIST_KEY_UILaunchStoryboardName = LaunchScreen;
				INFOPLIST_KEY_UIMainStoryboardFile = Main;
				INFOPLIST_KEY_UISupportedInterfaceOrientations_iPad = "UIInterfaceOrientationPortrait UIInterfaceOrientationPortraitUpsideDown UIInterfaceOrientationLandscapeLeft UIInterfaceOrientationLandscapeRight";
				INFOPLIST_KEY_UISupportedInterfaceOrientations_iPhone = "UIInterfaceOrientationPortrait UIInterfaceOrientationLandscapeLeft UIInterfaceOrientationLandscapeRight";
				LD_RUNPATH_SEARCH_PATHS = (
					"$(inherited)",
					"@executable_path/Frameworks",
				);
				MARKETING_VERSION = 1.0;
				PRODUCT_BUNDLE_IDENTIFIER = "Minjae.Learn-Swift";
				PRODUCT_NAME = "$(TARGET_NAME)";
				SWIFT_EMIT_LOC_STRINGS = YES;
				SWIFT_VERSION = 5.0;
				TARGETED_DEVICE_FAMILY = "1,2";
			};
			name = Release;
		};
/* End XCBuildConfiguration section */

/* Begin XCConfigurationList section */
		77F87A232808F93B004791D2 /* Build configuration list for PBXProject "Learn_Swift" */ = {
			isa = XCConfigurationList;
			buildConfigurations = (
				77F87A3A2808F93C004791D2 /* Debug */,
				77F87A3B2808F93C004791D2 /* Release */,
			);
			defaultConfigurationIsVisible = 0;
			defaultConfigurationName = Release;
		};
		77F87A3C2808F93C004791D2 /* Build configuration list for PBXNativeTarget "Learn_Swift" */ = {
			isa = XCConfigurationList;
			buildConfigurations = (
				77F87A3D2808F93C004791D2 /* Debug */,
				77F87A3E2808F93C004791D2 /* Release */,
			);
			defaultConfigurationIsVisible = 0;
			defaultConfigurationName = Release;
		};
/* End XCConfigurationList section */

/* Begin XCRemoteSwiftPackageReference section */
		77F87A3F28090749004791D2 /* XCRemoteSwiftPackageReference "realm-cocoa" */ = {
			isa = XCRemoteSwiftPackageReference;
			repositoryURL = "https://github.com/realm/realm-cocoa.git";
			requirement = {
				branch = master;
				kind = branch;
			};
		};
/* End XCRemoteSwiftPackageReference section */

/* Begin XCVersionGroup section */
		7744CE4E280CE5360079CBCD /* Model.xcdatamodeld */ = {
			isa = XCVersionGroup;
			children = (
				7744CE4F280CE5360079CBCD /* Model.xcdatamodel */,
			);
			currentVersion = 7744CE4F280CE5360079CBCD /* Model.xcdatamodel */;
			path = Model.xcdatamodeld;
			sourceTree = "<group>";
			versionGroupType = wrapper.xcdatamodel;
		};
/* End XCVersionGroup section */
	};
	rootObject = 77F87A202808F93B004791D2 /* Project object */;
}
